
Microsoft Visual Studio Solution File, Format Version 10.00
# Visual Studio 2008
Project("{E24C65DC-7377-472B-9ABA-BC803B73C61A}") = "vs2010", "Sandcastle\Presentation\vs2010\", "{872A022E-1119-477C-9339-53FE0A67EAA8}"
	ProjectSection(WebsiteProperties) = preProject
		TargetFramework = "2.0"
		Debug.AspNetCompiler.VirtualPath = "/vs2010"
		Debug.AspNetCompiler.PhysicalPath = "..\..\..\..\sc-presentation\Sandcastle\Presentation\vs2010\"
		Debug.AspNetCompiler.TargetPath = "PrecompiledWeb\vs2010\"
		Debug.AspNetCompiler.Updateable = "true"
		Debug.AspNetCompiler.ForceOverwrite = "true"
		Debug.AspNetCompiler.FixedNames = "false"
		Debug.AspNetCompiler.Debug = "True"
		Release.AspNetCompiler.VirtualPath = "/vs2010"
		Release.AspNetCompiler.PhysicalPath = "..\..\..\..\sc-presentation\Sandcastle\Presentation\vs2010\"
		Release.AspNetCompiler.TargetPath = "PrecompiledWeb\vs2010\"
		Release.AspNetCompiler.Updateable = "true"
		Release.AspNetCompiler.ForceOverwrite = "true"
		Release.AspNetCompiler.FixedNames = "false"
		Release.AspNetCompiler.Debug = "False"
		VWDPort = "50970"
	EndProjectSection
EndProject
Project("{E24C65DC-7377-472B-9ABA-BC803B73C61A}") = "vs2010", "Sandcastle\Examples\vs2010\", "{D33D5542-4B66-41BE-8D1B-9D6170F7C678}"
	ProjectSection(WebsiteProperties) = preProject
		TargetFramework = "2.0"
		Debug.AspNetCompiler.VirtualPath = "/vs2010(1)"
		Debug.AspNetCompiler.PhysicalPath = "..\..\..\..\sc-presentation\Sandcastle\Examples\vs2010\"
		Debug.AspNetCompiler.TargetPath = "PrecompiledWeb\vs2010(1)\"
		Debug.AspNetCompiler.Updateable = "true"
		Debug.AspNetCompiler.ForceOverwrite = "true"
		Debug.AspNetCompiler.FixedNames = "false"
		Debug.AspNetCompiler.Debug = "True"
		Release.AspNetCompiler.VirtualPath = "/vs2010(1)"
		Release.AspNetCompiler.PhysicalPath = "..\..\..\..\sc-presentation\Sandcastle\Examples\vs2010\"
		Release.AspNetCompiler.TargetPath = "PrecompiledWeb\vs2010(1)\"
		Release.AspNetCompiler.Updateable = "true"
		Release.AspNetCompiler.ForceOverwrite = "true"
		Release.AspNetCompiler.FixedNames = "false"
		Release.AspNetCompiler.Debug = "False"
		VWDPort = "51049"
	EndProjectSection
EndProject
Project("{FAE04EC0-301F-11D3-BF4B-00C04F79EFBC}") = "Izsaknet.Sandcastle", "Extensions\Izsaknet.Sandcastle\Izsaknet.Sandcastle.csproj", "{5EF3116A-D7D0-4B39-9E20-B8C8DAA8F4B0}"
EndProject
Global
	GlobalSection(SolutionConfigurationPlatforms) = preSolution
		Debug|Any CPU = Debug|Any CPU
		Release|Any CPU = Release|Any CPU
	EndGlobalSection
	GlobalSection(ProjectConfigurationPlatforms) = postSolution
		{872A022E-1119-477C-9339-53FE0A67EAA8}.Debug|Any CPU.ActiveCfg = Debug|Any CPU
		{872A022E-1119-477C-9339-53FE0A67EAA8}.Debug|Any CPU.Build.0 = Debug|Any CPU
		{872A022E-1119-477C-9339-53FE0A67EAA8}.Release|Any CPU.ActiveCfg = Debug|Any CPU
		{872A022E-1119-477C-9339-53FE0A67EAA8}.Release|Any CPU.Build.0 = Debug|Any CPU
		{D33D5542-4B66-41BE-8D1B-9D6170F7C678}.Debug|Any CPU.ActiveCfg = Debug|Any CPU
		{D33D5542-4B66-41BE-8D1B-9D6170F7C678}.Debug|Any CPU.Build.0 = Debug|Any CPU
		{D33D5542-4B66-41BE-8D1B-9D6170F7C678}.Release|Any CPU.ActiveCfg = Debug|Any CPU
		{D33D5542-4B66-41BE-8D1B-9D6170F7C678}.Release|Any CPU.Build.0 = Debug|Any CPU
		{5EF3116A-D7D0-4B39-9E20-B8C8DAA8F4B0}.Debug|Any CPU.ActiveCfg = Debug|Any CPU
		{5EF3116A-D7D0-4B39-9E20-B8C8DAA8F4B0}.Debug|Any CPU.Build.0 = Debug|Any CPU
		{5EF3116A-D7D0-4B39-9E20-B8C8DAA8F4B0}.Release|Any CPU.ActiveCfg = Release|Any CPU
		{5EF3116A-D7D0-4B39-9E20-B8C8DAA8F4B0}.Release|Any CPU.Build.0 = Release|Any CPU
	EndGlobalSection
	GlobalSection(SolutionProperties) = preSolution
		HideSolutionNode = FALSE
	EndGlobalSection
EndGlobal
