
Microsoft Visual Studio Solution File, Format Version 11.00
# Visual Studio 2010
Project("{2150E333-8FDC-42A3-9474-1A3956D46DE8}") = "Source", "Source", "{F64DFAA6-CCD1-481C-82EE-7AB334F1208A}"
EndProject
Project("{2150E333-8FDC-42A3-9474-1A3956D46DE8}") = "BuildAssembler", "BuildAssembler", "{0BE1BD70-C81B-43E3-BBBF-0A02968129DC}"
EndProject
Project("{FAE04EC0-301F-11D3-BF4B-00C04F79EFBC}") = "BuildAssemblerLibrary", "Source\BuildAssembler\BuildAssemblerLibrary\BuildAssemblerLibrary.csproj", "{399E78F8-4954-409E-991A-37DA9D0579CC}"
EndProject
Project("{FAE04EC0-301F-11D3-BF4B-00C04F79EFBC}") = "BuildAssembler", "Source\BuildAssembler\BuildAssembler\BuildAssembler.csproj", "{5BA19924-5A65-46E0-97CD-948595932584}"
EndProject
Project("{FAE04EC0-301F-11D3-BF4B-00C04F79EFBC}") = "BuildComponents", "Source\BuildAssembler\BuildComponents\BuildComponents.csproj", "{30773718-BC7C-4FCC-A9C2-7EE61DF4EC41}"
EndProject
Project("{FAE04EC0-301F-11D3-BF4B-00C04F79EFBC}") = "CCI", "Source\CCI\CCI.csproj", "{4CB332D6-976E-44F6-A320-A515A9D1D1D3}"
EndProject
Project("{FAE04EC0-301F-11D3-BF4B-00C04F79EFBC}") = "Reflection", "Source\Reflection\Reflection.csproj", "{74F5EB3F-DC99-4FBE-9495-EE378FC60F65}"
EndProject
Project("{FAE04EC0-301F-11D3-BF4B-00C04F79EFBC}") = "MRefBuilder", "Source\MRefBuilder\MRefBuilder.csproj", "{A8DCAD75-879F-4C97-803B-C9A17F227B04}"
EndProject
Project("{FAE04EC0-301F-11D3-BF4B-00C04F79EFBC}") = "SyntaxComponents", "Source\BuildAssembler\SyntaxComponents\SyntaxComponents.csproj", "{CEAEC85B-973A-4414-8668-723EB65E5088}"
EndProject
Project("{FAE04EC0-301F-11D3-BF4B-00C04F79EFBC}") = "XslTransform", "Source\XslTransform\XslTransform.csproj", "{88A4B9E2-AE05-4817-879C-15461DA29761}"
EndProject
Project("{FAE04EC0-301F-11D3-BF4B-00C04F79EFBC}") = "CommandLine", "Source\CommandLine\CommandLine.csproj", "{6CF7CA42-3706-4F6B-A2B4-10EF3F511888}"
EndProject
Project("{FAE04EC0-301F-11D3-BF4B-00C04F79EFBC}") = "ChmBuilder", "Source\ChmBuilder\ChmBuilder.csproj", "{D17FA1CB-06EF-43A6-B11E-2B8E2661AA6D}"
EndProject
Project("{FAE04EC0-301F-11D3-BF4B-00C04F79EFBC}") = "MergeXml", "Source\XmlCat\MergeXml.csproj", "{1CEE1BB8-10BF-483E-A54A-F97B308ABA0A}"
EndProject
Project("{FAE04EC0-301F-11D3-BF4B-00C04F79EFBC}") = "CopyComponents", "Source\BuildAssembler\CopyComponents\CopyComponents.csproj", "{E64725D7-2208-4C28-922D-B6543C0BC483}"
EndProject
Project("{FAE04EC0-301F-11D3-BF4B-00C04F79EFBC}") = "DBCSFix", "Source\DBCSFix\DBCSFix.csproj", "{80407AE8-7A1F-4C28-8627-6C871E1D717A}"
EndProject
Project("{2150E333-8FDC-42A3-9474-1A3956D46DE8}") = "Transforms", "Transforms", "{0BA91CC9-9E7D-4CD2-B970-0C1956891F2D}"
EndProject
Project("{E24C65DC-7377-472B-9ABA-BC803B73C61A}") = "vs2010", "Presentation\vs2010\", "{63B12D4F-2D39-442F-B73C-C089954FFAD3}"
	ProjectSection(WebsiteProperties) = preProject
		TargetFrameworkMoniker = ".NETFramework,Version%3Dv2.0"
		Debug.AspNetCompiler.VirtualPath = "/vs2010"
		Debug.AspNetCompiler.PhysicalPath = "Presentation\vs2010\"
		Debug.AspNetCompiler.TargetPath = "PrecompiledWeb\vs2010\"
		Debug.AspNetCompiler.Updateable = "true"
		Debug.AspNetCompiler.ForceOverwrite = "true"
		Debug.AspNetCompiler.FixedNames = "false"
		Debug.AspNetCompiler.Debug = "True"
		Release.AspNetCompiler.VirtualPath = "/vs2010"
		Release.AspNetCompiler.PhysicalPath = "Presentation\vs2010\"
		Release.AspNetCompiler.TargetPath = "PrecompiledWeb\vs2010\"
		Release.AspNetCompiler.Updateable = "true"
		Release.AspNetCompiler.ForceOverwrite = "true"
		Release.AspNetCompiler.FixedNames = "false"
		Release.AspNetCompiler.Debug = "False"
		VWDPort = "50970"
	EndProjectSection
EndProject
Project("{E24C65DC-7377-472B-9ABA-BC803B73C61A}") = "office2010", "Presentation\office2010\", "{72D892D3-BEFA-4BFB-B636-93961C2F25A6}"
	ProjectSection(WebsiteProperties) = preProject
		TargetFrameworkMoniker = ".NETFramework,Version%3Dv4.0"
		Debug.AspNetCompiler.VirtualPath = "/office2010"
		Debug.AspNetCompiler.PhysicalPath = "Presentation\office2010\"
		Debug.AspNetCompiler.TargetPath = "PrecompiledWeb\office2010\"
		Debug.AspNetCompiler.Updateable = "true"
		Debug.AspNetCompiler.ForceOverwrite = "true"
		Debug.AspNetCompiler.FixedNames = "false"
		Debug.AspNetCompiler.Debug = "True"
		Release.AspNetCompiler.VirtualPath = "/office2010"
		Release.AspNetCompiler.PhysicalPath = "Presentation\office2010\"
		Release.AspNetCompiler.TargetPath = "PrecompiledWeb\office2010\"
		Release.AspNetCompiler.Updateable = "true"
		Release.AspNetCompiler.ForceOverwrite = "true"
		Release.AspNetCompiler.FixedNames = "false"
		Release.AspNetCompiler.Debug = "False"
		VWDPort = "3137"
	EndProjectSection
EndProject
Project("{2150E333-8FDC-42A3-9474-1A3956D46DE8}") = "Schemas", "Schemas", "{0A2871D6-C2B6-4976-91BD-0820C3AA7286}"
EndProject
Project("{E24C65DC-7377-472B-9ABA-BC803B73C61A}") = "AuthoringVisualStudio", "Schemas\AuthoringVisualStudio\", "{1E719717-623F-4D9A-9F89-55A125FDB0AB}"
	ProjectSection(WebsiteProperties) = preProject
		TargetFrameworkMoniker = ".NETFramework,Version%3Dv4.0"
		Debug.AspNetCompiler.VirtualPath = "/AuthoringVisualStudio"
		Debug.AspNetCompiler.PhysicalPath = "Schemas\AuthoringVisualStudio\"
		Debug.AspNetCompiler.TargetPath = "PrecompiledWeb\AuthoringVisualStudio\"
		Debug.AspNetCompiler.Updateable = "true"
		Debug.AspNetCompiler.ForceOverwrite = "true"
		Debug.AspNetCompiler.FixedNames = "false"
		Debug.AspNetCompiler.Debug = "True"
		Release.AspNetCompiler.VirtualPath = "/AuthoringVisualStudio"
		Release.AspNetCompiler.PhysicalPath = "Schemas\AuthoringVisualStudio\"
		Release.AspNetCompiler.TargetPath = "PrecompiledWeb\AuthoringVisualStudio\"
		Release.AspNetCompiler.Updateable = "true"
		Release.AspNetCompiler.ForceOverwrite = "true"
		Release.AspNetCompiler.FixedNames = "false"
		Release.AspNetCompiler.Debug = "False"
		VWDPort = "1505"
	EndProjectSection
EndProject
Project("{2150E333-8FDC-42A3-9474-1A3956D46DE8}") = "MSBuild", "MSBuild", "{2D7A1BF1-08EB-439C-9C7D-1ADB18EDBFE1}"
EndProject
Project("{E24C65DC-7377-472B-9ABA-BC803B73C61A}") = "MSBuild", "MSBuild\", "{7BCF84C4-4F83-4A73-9516-90D758375F60}"
	ProjectSection(WebsiteProperties) = preProject
		TargetFrameworkMoniker = ".NETFramework,Version%3Dv4.0"
		Debug.AspNetCompiler.VirtualPath = "/MSBuild"
		Debug.AspNetCompiler.PhysicalPath = "MSBuild\"
		Debug.AspNetCompiler.TargetPath = "PrecompiledWeb\MSBuild\"
		Debug.AspNetCompiler.Updateable = "true"
		Debug.AspNetCompiler.ForceOverwrite = "true"
		Debug.AspNetCompiler.FixedNames = "false"
		Debug.AspNetCompiler.Debug = "True"
		Release.AspNetCompiler.VirtualPath = "/MSBuild"
		Release.AspNetCompiler.PhysicalPath = "MSBuild\"
		Release.AspNetCompiler.TargetPath = "PrecompiledWeb\MSBuild\"
		Release.AspNetCompiler.Updateable = "true"
		Release.AspNetCompiler.ForceOverwrite = "true"
		Release.AspNetCompiler.FixedNames = "false"
		Release.AspNetCompiler.Debug = "False"
		VWDPort = "1476"
	EndProjectSection
EndProject
Global
	GlobalSection(SolutionConfigurationPlatforms) = preSolution
		Debug|Any CPU = Debug|Any CPU
		Debug|Mixed Platforms = Debug|Mixed Platforms
		Debug|x86 = Debug|x86
		Release|Any CPU = Release|Any CPU
		Release|Mixed Platforms = Release|Mixed Platforms
		Release|x86 = Release|x86
		Sandcastle|Any CPU = Sandcastle|Any CPU
		Sandcastle|Mixed Platforms = Sandcastle|Mixed Platforms
		Sandcastle|x86 = Sandcastle|x86
	EndGlobalSection
	GlobalSection(ProjectConfigurationPlatforms) = postSolution
		{399E78F8-4954-409E-991A-37DA9D0579CC}.Debug|Any CPU.ActiveCfg = Debug|x86
		{399E78F8-4954-409E-991A-37DA9D0579CC}.Debug|Mixed Platforms.ActiveCfg = Debug|x86
		{399E78F8-4954-409E-991A-37DA9D0579CC}.Debug|Mixed Platforms.Build.0 = Debug|x86
		{399E78F8-4954-409E-991A-37DA9D0579CC}.Debug|x86.ActiveCfg = Debug|x86
		{399E78F8-4954-409E-991A-37DA9D0579CC}.Debug|x86.Build.0 = Debug|x86
		{399E78F8-4954-409E-991A-37DA9D0579CC}.Release|Any CPU.ActiveCfg = Release|x86
		{399E78F8-4954-409E-991A-37DA9D0579CC}.Release|Mixed Platforms.ActiveCfg = Release|x86
		{399E78F8-4954-409E-991A-37DA9D0579CC}.Release|Mixed Platforms.Build.0 = Release|x86
		{399E78F8-4954-409E-991A-37DA9D0579CC}.Release|x86.ActiveCfg = Release|x86
		{399E78F8-4954-409E-991A-37DA9D0579CC}.Release|x86.Build.0 = Release|x86
		{399E78F8-4954-409E-991A-37DA9D0579CC}.Sandcastle|Any CPU.ActiveCfg = Sandcastle|x86
		{399E78F8-4954-409E-991A-37DA9D0579CC}.Sandcastle|Mixed Platforms.ActiveCfg = Sandcastle|x86
		{399E78F8-4954-409E-991A-37DA9D0579CC}.Sandcastle|Mixed Platforms.Build.0 = Sandcastle|x86
		{399E78F8-4954-409E-991A-37DA9D0579CC}.Sandcastle|x86.ActiveCfg = Sandcastle|x86
		{399E78F8-4954-409E-991A-37DA9D0579CC}.Sandcastle|x86.Build.0 = Sandcastle|x86
		{5BA19924-5A65-46E0-97CD-948595932584}.Debug|Any CPU.ActiveCfg = Debug|x86
		{5BA19924-5A65-46E0-97CD-948595932584}.Debug|Mixed Platforms.ActiveCfg = Debug|x86
		{5BA19924-5A65-46E0-97CD-948595932584}.Debug|Mixed Platforms.Build.0 = Debug|x86
		{5BA19924-5A65-46E0-97CD-948595932584}.Debug|x86.ActiveCfg = Debug|x86
		{5BA19924-5A65-46E0-97CD-948595932584}.Debug|x86.Build.0 = Debug|x86
		{5BA19924-5A65-46E0-97CD-948595932584}.Release|Any CPU.ActiveCfg = Release|x86
		{5BA19924-5A65-46E0-97CD-948595932584}.Release|Mixed Platforms.ActiveCfg = Release|x86
		{5BA19924-5A65-46E0-97CD-948595932584}.Release|Mixed Platforms.Build.0 = Release|x86
		{5BA19924-5A65-46E0-97CD-948595932584}.Release|x86.ActiveCfg = Release|x86
		{5BA19924-5A65-46E0-97CD-948595932584}.Release|x86.Build.0 = Release|x86
		{5BA19924-5A65-46E0-97CD-948595932584}.Sandcastle|Any CPU.ActiveCfg = Sandcastle|x86
		{5BA19924-5A65-46E0-97CD-948595932584}.Sandcastle|Mixed Platforms.ActiveCfg = Sandcastle|x86
		{5BA19924-5A65-46E0-97CD-948595932584}.Sandcastle|Mixed Platforms.Build.0 = Sandcastle|x86
		{5BA19924-5A65-46E0-97CD-948595932584}.Sandcastle|x86.ActiveCfg = Sandcastle|x86
		{5BA19924-5A65-46E0-97CD-948595932584}.Sandcastle|x86.Build.0 = Sandcastle|x86
		{30773718-BC7C-4FCC-A9C2-7EE61DF4EC41}.Debug|Any CPU.ActiveCfg = Debug|x86
		{30773718-BC7C-4FCC-A9C2-7EE61DF4EC41}.Debug|Mixed Platforms.ActiveCfg = Debug|x86
		{30773718-BC7C-4FCC-A9C2-7EE61DF4EC41}.Debug|Mixed Platforms.Build.0 = Debug|x86
		{30773718-BC7C-4FCC-A9C2-7EE61DF4EC41}.Debug|x86.ActiveCfg = Debug|x86
		{30773718-BC7C-4FCC-A9C2-7EE61DF4EC41}.Debug|x86.Build.0 = Debug|x86
		{30773718-BC7C-4FCC-A9C2-7EE61DF4EC41}.Release|Any CPU.ActiveCfg = Release|x86
		{30773718-BC7C-4FCC-A9C2-7EE61DF4EC41}.Release|Mixed Platforms.ActiveCfg = Release|x86
		{30773718-BC7C-4FCC-A9C2-7EE61DF4EC41}.Release|Mixed Platforms.Build.0 = Release|x86
		{30773718-BC7C-4FCC-A9C2-7EE61DF4EC41}.Release|x86.ActiveCfg = Release|x86
		{30773718-BC7C-4FCC-A9C2-7EE61DF4EC41}.Release|x86.Build.0 = Release|x86
		{30773718-BC7C-4FCC-A9C2-7EE61DF4EC41}.Sandcastle|Any CPU.ActiveCfg = Sandcastle|x86
		{30773718-BC7C-4FCC-A9C2-7EE61DF4EC41}.Sandcastle|Mixed Platforms.ActiveCfg = Sandcastle|x86
		{30773718-BC7C-4FCC-A9C2-7EE61DF4EC41}.Sandcastle|Mixed Platforms.Build.0 = Sandcastle|x86
		{30773718-BC7C-4FCC-A9C2-7EE61DF4EC41}.Sandcastle|x86.ActiveCfg = Sandcastle|x86
		{30773718-BC7C-4FCC-A9C2-7EE61DF4EC41}.Sandcastle|x86.Build.0 = Sandcastle|x86
		{4CB332D6-976E-44F6-A320-A515A9D1D1D3}.Debug|Any CPU.ActiveCfg = Debug|x86
		{4CB332D6-976E-44F6-A320-A515A9D1D1D3}.Debug|Mixed Platforms.ActiveCfg = Debug|x86
		{4CB332D6-976E-44F6-A320-A515A9D1D1D3}.Debug|Mixed Platforms.Build.0 = Debug|x86
		{4CB332D6-976E-44F6-A320-A515A9D1D1D3}.Debug|x86.ActiveCfg = Debug|x86
		{4CB332D6-976E-44F6-A320-A515A9D1D1D3}.Debug|x86.Build.0 = Debug|x86
		{4CB332D6-976E-44F6-A320-A515A9D1D1D3}.Release|Any CPU.ActiveCfg = Release|x86
		{4CB332D6-976E-44F6-A320-A515A9D1D1D3}.Release|Mixed Platforms.ActiveCfg = Release|x86
		{4CB332D6-976E-44F6-A320-A515A9D1D1D3}.Release|Mixed Platforms.Build.0 = Release|x86
		{4CB332D6-976E-44F6-A320-A515A9D1D1D3}.Release|x86.ActiveCfg = Release|x86
		{4CB332D6-976E-44F6-A320-A515A9D1D1D3}.Release|x86.Build.0 = Release|x86
		{4CB332D6-976E-44F6-A320-A515A9D1D1D3}.Sandcastle|Any CPU.ActiveCfg = Sandcastle|x86
		{4CB332D6-976E-44F6-A320-A515A9D1D1D3}.Sandcastle|Mixed Platforms.ActiveCfg = Sandcastle|x86
		{4CB332D6-976E-44F6-A320-A515A9D1D1D3}.Sandcastle|Mixed Platforms.Build.0 = Sandcastle|x86
		{4CB332D6-976E-44F6-A320-A515A9D1D1D3}.Sandcastle|x86.ActiveCfg = Sandcastle|x86
		{4CB332D6-976E-44F6-A320-A515A9D1D1D3}.Sandcastle|x86.Build.0 = Sandcastle|x86
		{74F5EB3F-DC99-4FBE-9495-EE378FC60F65}.Debug|Any CPU.ActiveCfg = Debug|x86
		{74F5EB3F-DC99-4FBE-9495-EE378FC60F65}.Debug|Mixed Platforms.ActiveCfg = Debug|x86
		{74F5EB3F-DC99-4FBE-9495-EE378FC60F65}.Debug|Mixed Platforms.Build.0 = Debug|x86
		{74F5EB3F-DC99-4FBE-9495-EE378FC60F65}.Debug|x86.ActiveCfg = Debug|x86
		{74F5EB3F-DC99-4FBE-9495-EE378FC60F65}.Debug|x86.Build.0 = Debug|x86
		{74F5EB3F-DC99-4FBE-9495-EE378FC60F65}.Release|Any CPU.ActiveCfg = Release|x86
		{74F5EB3F-DC99-4FBE-9495-EE378FC60F65}.Release|Mixed Platforms.ActiveCfg = Release|x86
		{74F5EB3F-DC99-4FBE-9495-EE378FC60F65}.Release|Mixed Platforms.Build.0 = Release|x86
		{74F5EB3F-DC99-4FBE-9495-EE378FC60F65}.Release|x86.ActiveCfg = Release|x86
		{74F5EB3F-DC99-4FBE-9495-EE378FC60F65}.Release|x86.Build.0 = Release|x86
		{74F5EB3F-DC99-4FBE-9495-EE378FC60F65}.Sandcastle|Any CPU.ActiveCfg = Sandcastle|x86
		{74F5EB3F-DC99-4FBE-9495-EE378FC60F65}.Sandcastle|Mixed Platforms.ActiveCfg = Sandcastle|x86
		{74F5EB3F-DC99-4FBE-9495-EE378FC60F65}.Sandcastle|Mixed Platforms.Build.0 = Sandcastle|x86
		{74F5EB3F-DC99-4FBE-9495-EE378FC60F65}.Sandcastle|x86.ActiveCfg = Sandcastle|x86
		{74F5EB3F-DC99-4FBE-9495-EE378FC60F65}.Sandcastle|x86.Build.0 = Sandcastle|x86
		{A8DCAD75-879F-4C97-803B-C9A17F227B04}.Debug|Any CPU.ActiveCfg = Debug|x86
		{A8DCAD75-879F-4C97-803B-C9A17F227B04}.Debug|Mixed Platforms.ActiveCfg = Debug|x86
		{A8DCAD75-879F-4C97-803B-C9A17F227B04}.Debug|Mixed Platforms.Build.0 = Debug|x86
		{A8DCAD75-879F-4C97-803B-C9A17F227B04}.Debug|x86.ActiveCfg = Debug|x86
		{A8DCAD75-879F-4C97-803B-C9A17F227B04}.Debug|x86.Build.0 = Debug|x86
		{A8DCAD75-879F-4C97-803B-C9A17F227B04}.Release|Any CPU.ActiveCfg = Release|x86
		{A8DCAD75-879F-4C97-803B-C9A17F227B04}.Release|Mixed Platforms.ActiveCfg = Release|x86
		{A8DCAD75-879F-4C97-803B-C9A17F227B04}.Release|Mixed Platforms.Build.0 = Release|x86
		{A8DCAD75-879F-4C97-803B-C9A17F227B04}.Release|x86.ActiveCfg = Release|x86
		{A8DCAD75-879F-4C97-803B-C9A17F227B04}.Release|x86.Build.0 = Release|x86
		{A8DCAD75-879F-4C97-803B-C9A17F227B04}.Sandcastle|Any CPU.ActiveCfg = Sandcastle|x86
		{A8DCAD75-879F-4C97-803B-C9A17F227B04}.Sandcastle|Mixed Platforms.ActiveCfg = Sandcastle|x86
		{A8DCAD75-879F-4C97-803B-C9A17F227B04}.Sandcastle|Mixed Platforms.Build.0 = Sandcastle|x86
		{A8DCAD75-879F-4C97-803B-C9A17F227B04}.Sandcastle|x86.ActiveCfg = Sandcastle|x86
		{A8DCAD75-879F-4C97-803B-C9A17F227B04}.Sandcastle|x86.Build.0 = Sandcastle|x86
		{CEAEC85B-973A-4414-8668-723EB65E5088}.Debug|Any CPU.ActiveCfg = Debug|x86
		{CEAEC85B-973A-4414-8668-723EB65E5088}.Debug|Mixed Platforms.ActiveCfg = Debug|x86
		{CEAEC85B-973A-4414-8668-723EB65E5088}.Debug|Mixed Platforms.Build.0 = Debug|x86
		{CEAEC85B-973A-4414-8668-723EB65E5088}.Debug|x86.ActiveCfg = Debug|x86
		{CEAEC85B-973A-4414-8668-723EB65E5088}.Debug|x86.Build.0 = Debug|x86
		{CEAEC85B-973A-4414-8668-723EB65E5088}.Release|Any CPU.ActiveCfg = Release|x86
		{CEAEC85B-973A-4414-8668-723EB65E5088}.Release|Mixed Platforms.ActiveCfg = Release|x86
		{CEAEC85B-973A-4414-8668-723EB65E5088}.Release|Mixed Platforms.Build.0 = Release|x86
		{CEAEC85B-973A-4414-8668-723EB65E5088}.Release|x86.ActiveCfg = Release|x86
		{CEAEC85B-973A-4414-8668-723EB65E5088}.Release|x86.Build.0 = Release|x86
		{CEAEC85B-973A-4414-8668-723EB65E5088}.Sandcastle|Any CPU.ActiveCfg = Sandcastle|x86
		{CEAEC85B-973A-4414-8668-723EB65E5088}.Sandcastle|Mixed Platforms.ActiveCfg = Sandcastle|x86
		{CEAEC85B-973A-4414-8668-723EB65E5088}.Sandcastle|Mixed Platforms.Build.0 = Sandcastle|x86
		{CEAEC85B-973A-4414-8668-723EB65E5088}.Sandcastle|x86.ActiveCfg = Sandcastle|x86
		{CEAEC85B-973A-4414-8668-723EB65E5088}.Sandcastle|x86.Build.0 = Sandcastle|x86
		{88A4B9E2-AE05-4817-879C-15461DA29761}.Debug|Any CPU.ActiveCfg = Debug|x86
		{88A4B9E2-AE05-4817-879C-15461DA29761}.Debug|Mixed Platforms.ActiveCfg = Debug|x86
		{88A4B9E2-AE05-4817-879C-15461DA29761}.Debug|Mixed Platforms.Build.0 = Debug|x86
		{88A4B9E2-AE05-4817-879C-15461DA29761}.Debug|x86.ActiveCfg = Debug|x86
		{88A4B9E2-AE05-4817-879C-15461DA29761}.Debug|x86.Build.0 = Debug|x86
		{88A4B9E2-AE05-4817-879C-15461DA29761}.Release|Any CPU.ActiveCfg = Release|x86
		{88A4B9E2-AE05-4817-879C-15461DA29761}.Release|Mixed Platforms.ActiveCfg = Release|x86
		{88A4B9E2-AE05-4817-879C-15461DA29761}.Release|Mixed Platforms.Build.0 = Release|x86
		{88A4B9E2-AE05-4817-879C-15461DA29761}.Release|x86.ActiveCfg = Release|x86
		{88A4B9E2-AE05-4817-879C-15461DA29761}.Release|x86.Build.0 = Release|x86
		{88A4B9E2-AE05-4817-879C-15461DA29761}.Sandcastle|Any CPU.ActiveCfg = Sandcastle|x86
		{88A4B9E2-AE05-4817-879C-15461DA29761}.Sandcastle|Mixed Platforms.ActiveCfg = Sandcastle|x86
		{88A4B9E2-AE05-4817-879C-15461DA29761}.Sandcastle|Mixed Platforms.Build.0 = Sandcastle|x86
		{88A4B9E2-AE05-4817-879C-15461DA29761}.Sandcastle|x86.ActiveCfg = Sandcastle|x86
		{88A4B9E2-AE05-4817-879C-15461DA29761}.Sandcastle|x86.Build.0 = Sandcastle|x86
		{6CF7CA42-3706-4F6B-A2B4-10EF3F511888}.Debug|Any CPU.ActiveCfg = Debug|x86
		{6CF7CA42-3706-4F6B-A2B4-10EF3F511888}.Debug|Mixed Platforms.ActiveCfg = Debug|x86
		{6CF7CA42-3706-4F6B-A2B4-10EF3F511888}.Debug|Mixed Platforms.Build.0 = Debug|x86
		{6CF7CA42-3706-4F6B-A2B4-10EF3F511888}.Debug|x86.ActiveCfg = Debug|x86
		{6CF7CA42-3706-4F6B-A2B4-10EF3F511888}.Debug|x86.Build.0 = Debug|x86
		{6CF7CA42-3706-4F6B-A2B4-10EF3F511888}.Release|Any CPU.ActiveCfg = Release|x86
		{6CF7CA42-3706-4F6B-A2B4-10EF3F511888}.Release|Mixed Platforms.ActiveCfg = Release|x86
		{6CF7CA42-3706-4F6B-A2B4-10EF3F511888}.Release|Mixed Platforms.Build.0 = Release|x86
		{6CF7CA42-3706-4F6B-A2B4-10EF3F511888}.Release|x86.ActiveCfg = Release|x86
		{6CF7CA42-3706-4F6B-A2B4-10EF3F511888}.Release|x86.Build.0 = Release|x86
		{6CF7CA42-3706-4F6B-A2B4-10EF3F511888}.Sandcastle|Any CPU.ActiveCfg = Sandcastle|x86
		{6CF7CA42-3706-4F6B-A2B4-10EF3F511888}.Sandcastle|Mixed Platforms.ActiveCfg = Sandcastle|x86
		{6CF7CA42-3706-4F6B-A2B4-10EF3F511888}.Sandcastle|Mixed Platforms.Build.0 = Sandcastle|x86
		{6CF7CA42-3706-4F6B-A2B4-10EF3F511888}.Sandcastle|x86.ActiveCfg = Sandcastle|x86
		{6CF7CA42-3706-4F6B-A2B4-10EF3F511888}.Sandcastle|x86.Build.0 = Sandcastle|x86
		{D17FA1CB-06EF-43A6-B11E-2B8E2661AA6D}.Debug|Any CPU.ActiveCfg = Debug|x86
		{D17FA1CB-06EF-43A6-B11E-2B8E2661AA6D}.Debug|Mixed Platforms.ActiveCfg = Debug|x86
		{D17FA1CB-06EF-43A6-B11E-2B8E2661AA6D}.Debug|Mixed Platforms.Build.0 = Debug|x86
		{D17FA1CB-06EF-43A6-B11E-2B8E2661AA6D}.Debug|x86.ActiveCfg = Debug|x86
		{D17FA1CB-06EF-43A6-B11E-2B8E2661AA6D}.Debug|x86.Build.0 = Debug|x86
		{D17FA1CB-06EF-43A6-B11E-2B8E2661AA6D}.Release|Any CPU.ActiveCfg = Release|x86
		{D17FA1CB-06EF-43A6-B11E-2B8E2661AA6D}.Release|Mixed Platforms.ActiveCfg = Release|x86
		{D17FA1CB-06EF-43A6-B11E-2B8E2661AA6D}.Release|Mixed Platforms.Build.0 = Release|x86
		{D17FA1CB-06EF-43A6-B11E-2B8E2661AA6D}.Release|x86.ActiveCfg = Release|x86
		{D17FA1CB-06EF-43A6-B11E-2B8E2661AA6D}.Release|x86.Build.0 = Release|x86
		{D17FA1CB-06EF-43A6-B11E-2B8E2661AA6D}.Sandcastle|Any CPU.ActiveCfg = Release|x86
		{D17FA1CB-06EF-43A6-B11E-2B8E2661AA6D}.Sandcastle|Mixed Platforms.ActiveCfg = Release|x86
		{D17FA1CB-06EF-43A6-B11E-2B8E2661AA6D}.Sandcastle|Mixed Platforms.Build.0 = Release|x86
		{D17FA1CB-06EF-43A6-B11E-2B8E2661AA6D}.Sandcastle|x86.ActiveCfg = Release|x86
		{D17FA1CB-06EF-43A6-B11E-2B8E2661AA6D}.Sandcastle|x86.Build.0 = Release|x86
		{1CEE1BB8-10BF-483E-A54A-F97B308ABA0A}.Debug|Any CPU.ActiveCfg = Debug|x86
		{1CEE1BB8-10BF-483E-A54A-F97B308ABA0A}.Debug|Mixed Platforms.ActiveCfg = Debug|x86
		{1CEE1BB8-10BF-483E-A54A-F97B308ABA0A}.Debug|Mixed Platforms.Build.0 = Debug|x86
		{1CEE1BB8-10BF-483E-A54A-F97B308ABA0A}.Debug|x86.ActiveCfg = Debug|x86
		{1CEE1BB8-10BF-483E-A54A-F97B308ABA0A}.Debug|x86.Build.0 = Debug|x86
		{1CEE1BB8-10BF-483E-A54A-F97B308ABA0A}.Release|Any CPU.ActiveCfg = Release|x86
		{1CEE1BB8-10BF-483E-A54A-F97B308ABA0A}.Release|Mixed Platforms.ActiveCfg = Release|x86
		{1CEE1BB8-10BF-483E-A54A-F97B308ABA0A}.Release|Mixed Platforms.Build.0 = Release|x86
		{1CEE1BB8-10BF-483E-A54A-F97B308ABA0A}.Release|x86.ActiveCfg = Release|x86
		{1CEE1BB8-10BF-483E-A54A-F97B308ABA0A}.Release|x86.Build.0 = Release|x86
		{1CEE1BB8-10BF-483E-A54A-F97B308ABA0A}.Sandcastle|Any CPU.ActiveCfg = Release|x86
		{1CEE1BB8-10BF-483E-A54A-F97B308ABA0A}.Sandcastle|Mixed Platforms.ActiveCfg = Release|x86
		{1CEE1BB8-10BF-483E-A54A-F97B308ABA0A}.Sandcastle|Mixed Platforms.Build.0 = Release|x86
		{1CEE1BB8-10BF-483E-A54A-F97B308ABA0A}.Sandcastle|x86.ActiveCfg = Release|x86
		{1CEE1BB8-10BF-483E-A54A-F97B308ABA0A}.Sandcastle|x86.Build.0 = Release|x86
		{E64725D7-2208-4C28-922D-B6543C0BC483}.Debug|Any CPU.ActiveCfg = Debug|x86
		{E64725D7-2208-4C28-922D-B6543C0BC483}.Debug|Mixed Platforms.ActiveCfg = Debug|x86
		{E64725D7-2208-4C28-922D-B6543C0BC483}.Debug|Mixed Platforms.Build.0 = Debug|x86
		{E64725D7-2208-4C28-922D-B6543C0BC483}.Debug|x86.ActiveCfg = Debug|x86
		{E64725D7-2208-4C28-922D-B6543C0BC483}.Debug|x86.Build.0 = Debug|x86
		{E64725D7-2208-4C28-922D-B6543C0BC483}.Release|Any CPU.ActiveCfg = Release|x86
		{E64725D7-2208-4C28-922D-B6543C0BC483}.Release|Mixed Platforms.ActiveCfg = Release|x86
		{E64725D7-2208-4C28-922D-B6543C0BC483}.Release|Mixed Platforms.Build.0 = Release|x86
		{E64725D7-2208-4C28-922D-B6543C0BC483}.Release|x86.ActiveCfg = Release|x86
		{E64725D7-2208-4C28-922D-B6543C0BC483}.Release|x86.Build.0 = Release|x86
		{E64725D7-2208-4C28-922D-B6543C0BC483}.Sandcastle|Any CPU.ActiveCfg = Release|x86
		{E64725D7-2208-4C28-922D-B6543C0BC483}.Sandcastle|Mixed Platforms.ActiveCfg = Release|x86
		{E64725D7-2208-4C28-922D-B6543C0BC483}.Sandcastle|Mixed Platforms.Build.0 = Release|x86
		{E64725D7-2208-4C28-922D-B6543C0BC483}.Sandcastle|x86.ActiveCfg = Release|x86
		{E64725D7-2208-4C28-922D-B6543C0BC483}.Sandcastle|x86.Build.0 = Release|x86
		{80407AE8-7A1F-4C28-8627-6C871E1D717A}.Debug|Any CPU.ActiveCfg = Debug|x86
		{80407AE8-7A1F-4C28-8627-6C871E1D717A}.Debug|Mixed Platforms.ActiveCfg = Debug|x86
		{80407AE8-7A1F-4C28-8627-6C871E1D717A}.Debug|Mixed Platforms.Build.0 = Debug|x86
		{80407AE8-7A1F-4C28-8627-6C871E1D717A}.Debug|x86.ActiveCfg = Debug|x86
		{80407AE8-7A1F-4C28-8627-6C871E1D717A}.Debug|x86.Build.0 = Debug|x86
		{80407AE8-7A1F-4C28-8627-6C871E1D717A}.Release|Any CPU.ActiveCfg = Release|x86
		{80407AE8-7A1F-4C28-8627-6C871E1D717A}.Release|Mixed Platforms.ActiveCfg = Release|x86
		{80407AE8-7A1F-4C28-8627-6C871E1D717A}.Release|Mixed Platforms.Build.0 = Release|x86
		{80407AE8-7A1F-4C28-8627-6C871E1D717A}.Release|x86.ActiveCfg = Release|x86
		{80407AE8-7A1F-4C28-8627-6C871E1D717A}.Release|x86.Build.0 = Release|x86
		{80407AE8-7A1F-4C28-8627-6C871E1D717A}.Sandcastle|Any CPU.ActiveCfg = Release|x86
		{80407AE8-7A1F-4C28-8627-6C871E1D717A}.Sandcastle|Mixed Platforms.ActiveCfg = Release|x86
		{80407AE8-7A1F-4C28-8627-6C871E1D717A}.Sandcastle|Mixed Platforms.Build.0 = Release|x86
		{80407AE8-7A1F-4C28-8627-6C871E1D717A}.Sandcastle|x86.ActiveCfg = Release|x86
		{80407AE8-7A1F-4C28-8627-6C871E1D717A}.Sandcastle|x86.Build.0 = Release|x86
		{63B12D4F-2D39-442F-B73C-C089954FFAD3}.Debug|Any CPU.ActiveCfg = Debug|Any CPU
		{63B12D4F-2D39-442F-B73C-C089954FFAD3}.Debug|Any CPU.Build.0 = Debug|Any CPU
		{63B12D4F-2D39-442F-B73C-C089954FFAD3}.Debug|Mixed Platforms.ActiveCfg = Debug|Any CPU
		{63B12D4F-2D39-442F-B73C-C089954FFAD3}.Debug|Mixed Platforms.Build.0 = Debug|Any CPU
		{63B12D4F-2D39-442F-B73C-C089954FFAD3}.Debug|x86.ActiveCfg = Debug|Any CPU
		{63B12D4F-2D39-442F-B73C-C089954FFAD3}.Release|Any CPU.ActiveCfg = Debug|Any CPU
		{63B12D4F-2D39-442F-B73C-C089954FFAD3}.Release|Any CPU.Build.0 = Debug|Any CPU
		{63B12D4F-2D39-442F-B73C-C089954FFAD3}.Release|Mixed Platforms.ActiveCfg = Debug|Any CPU
		{63B12D4F-2D39-442F-B73C-C089954FFAD3}.Release|Mixed Platforms.Build.0 = Debug|Any CPU
		{63B12D4F-2D39-442F-B73C-C089954FFAD3}.Release|x86.ActiveCfg = Debug|Any CPU
		{63B12D4F-2D39-442F-B73C-C089954FFAD3}.Sandcastle|Any CPU.ActiveCfg = Debug|Any CPU
		{63B12D4F-2D39-442F-B73C-C089954FFAD3}.Sandcastle|Any CPU.Build.0 = Debug|Any CPU
		{63B12D4F-2D39-442F-B73C-C089954FFAD3}.Sandcastle|Mixed Platforms.ActiveCfg = Debug|Any CPU
		{63B12D4F-2D39-442F-B73C-C089954FFAD3}.Sandcastle|Mixed Platforms.Build.0 = Debug|Any CPU
		{63B12D4F-2D39-442F-B73C-C089954FFAD3}.Sandcastle|x86.ActiveCfg = Debug|Any CPU
		{72D892D3-BEFA-4BFB-B636-93961C2F25A6}.Debug|Any CPU.ActiveCfg = Debug|Any CPU
		{72D892D3-BEFA-4BFB-B636-93961C2F25A6}.Debug|Any CPU.Build.0 = Debug|Any CPU
		{72D892D3-BEFA-4BFB-B636-93961C2F25A6}.Debug|Mixed Platforms.ActiveCfg = Debug|Any CPU
		{72D892D3-BEFA-4BFB-B636-93961C2F25A6}.Debug|Mixed Platforms.Build.0 = Debug|Any CPU
		{72D892D3-BEFA-4BFB-B636-93961C2F25A6}.Debug|x86.ActiveCfg = Debug|Any CPU
		{72D892D3-BEFA-4BFB-B636-93961C2F25A6}.Release|Any CPU.ActiveCfg = Debug|Any CPU
		{72D892D3-BEFA-4BFB-B636-93961C2F25A6}.Release|Any CPU.Build.0 = Debug|Any CPU
		{72D892D3-BEFA-4BFB-B636-93961C2F25A6}.Release|Mixed Platforms.ActiveCfg = Debug|Any CPU
		{72D892D3-BEFA-4BFB-B636-93961C2F25A6}.Release|Mixed Platforms.Build.0 = Debug|Any CPU
		{72D892D3-BEFA-4BFB-B636-93961C2F25A6}.Release|x86.ActiveCfg = Debug|Any CPU
		{72D892D3-BEFA-4BFB-B636-93961C2F25A6}.Sandcastle|Any CPU.ActiveCfg = Debug|Any CPU
		{72D892D3-BEFA-4BFB-B636-93961C2F25A6}.Sandcastle|Any CPU.Build.0 = Debug|Any CPU
		{72D892D3-BEFA-4BFB-B636-93961C2F25A6}.Sandcastle|Mixed Platforms.ActiveCfg = Debug|Any CPU
		{72D892D3-BEFA-4BFB-B636-93961C2F25A6}.Sandcastle|Mixed Platforms.Build.0 = Debug|Any CPU
		{72D892D3-BEFA-4BFB-B636-93961C2F25A6}.Sandcastle|x86.ActiveCfg = Debug|Any CPU
		{1E719717-623F-4D9A-9F89-55A125FDB0AB}.Debug|Any CPU.ActiveCfg = Debug|Any CPU
		{1E719717-623F-4D9A-9F89-55A125FDB0AB}.Debug|Any CPU.Build.0 = Debug|Any CPU
		{1E719717-623F-4D9A-9F89-55A125FDB0AB}.Debug|Mixed Platforms.ActiveCfg = Debug|Any CPU
		{1E719717-623F-4D9A-9F89-55A125FDB0AB}.Debug|Mixed Platforms.Build.0 = Debug|Any CPU
		{1E719717-623F-4D9A-9F89-55A125FDB0AB}.Debug|x86.ActiveCfg = Debug|Any CPU
		{1E719717-623F-4D9A-9F89-55A125FDB0AB}.Release|Any CPU.ActiveCfg = Debug|Any CPU
		{1E719717-623F-4D9A-9F89-55A125FDB0AB}.Release|Any CPU.Build.0 = Debug|Any CPU
		{1E719717-623F-4D9A-9F89-55A125FDB0AB}.Release|Mixed Platforms.ActiveCfg = Debug|Any CPU
		{1E719717-623F-4D9A-9F89-55A125FDB0AB}.Release|Mixed Platforms.Build.0 = Debug|Any CPU
		{1E719717-623F-4D9A-9F89-55A125FDB0AB}.Release|x86.ActiveCfg = Debug|Any CPU
		{1E719717-623F-4D9A-9F89-55A125FDB0AB}.Sandcastle|Any CPU.ActiveCfg = Debug|Any CPU
		{1E719717-623F-4D9A-9F89-55A125FDB0AB}.Sandcastle|Any CPU.Build.0 = Debug|Any CPU
		{1E719717-623F-4D9A-9F89-55A125FDB0AB}.Sandcastle|Mixed Platforms.ActiveCfg = Debug|Any CPU
		{1E719717-623F-4D9A-9F89-55A125FDB0AB}.Sandcastle|Mixed Platforms.Build.0 = Debug|Any CPU
		{1E719717-623F-4D9A-9F89-55A125FDB0AB}.Sandcastle|x86.ActiveCfg = Debug|Any CPU
		{7BCF84C4-4F83-4A73-9516-90D758375F60}.Debug|Any CPU.ActiveCfg = Debug|Any CPU
		{7BCF84C4-4F83-4A73-9516-90D758375F60}.Debug|Any CPU.Build.0 = Debug|Any CPU
		{7BCF84C4-4F83-4A73-9516-90D758375F60}.Debug|Mixed Platforms.ActiveCfg = Debug|Any CPU
		{7BCF84C4-4F83-4A73-9516-90D758375F60}.Debug|Mixed Platforms.Build.0 = Debug|Any CPU
		{7BCF84C4-4F83-4A73-9516-90D758375F60}.Debug|x86.ActiveCfg = Debug|Any CPU
		{7BCF84C4-4F83-4A73-9516-90D758375F60}.Release|Any CPU.ActiveCfg = Debug|Any CPU
		{7BCF84C4-4F83-4A73-9516-90D758375F60}.Release|Any CPU.Build.0 = Debug|Any CPU
		{7BCF84C4-4F83-4A73-9516-90D758375F60}.Release|Mixed Platforms.ActiveCfg = Debug|Any CPU
		{7BCF84C4-4F83-4A73-9516-90D758375F60}.Release|Mixed Platforms.Build.0 = Debug|Any CPU
		{7BCF84C4-4F83-4A73-9516-90D758375F60}.Release|x86.ActiveCfg = Debug|Any CPU
		{7BCF84C4-4F83-4A73-9516-90D758375F60}.Sandcastle|Any CPU.ActiveCfg = Debug|Any CPU
		{7BCF84C4-4F83-4A73-9516-90D758375F60}.Sandcastle|Any CPU.Build.0 = Debug|Any CPU
		{7BCF84C4-4F83-4A73-9516-90D758375F60}.Sandcastle|Mixed Platforms.ActiveCfg = Debug|Any CPU
		{7BCF84C4-4F83-4A73-9516-90D758375F60}.Sandcastle|Mixed Platforms.Build.0 = Debug|Any CPU
		{7BCF84C4-4F83-4A73-9516-90D758375F60}.Sandcastle|x86.ActiveCfg = Debug|Any CPU
	EndGlobalSection
	GlobalSection(SolutionProperties) = preSolution
		HideSolutionNode = FALSE
	EndGlobalSection
	GlobalSection(NestedProjects) = preSolution
		{0BE1BD70-C81B-43E3-BBBF-0A02968129DC} = {F64DFAA6-CCD1-481C-82EE-7AB334F1208A}
		{4CB332D6-976E-44F6-A320-A515A9D1D1D3} = {F64DFAA6-CCD1-481C-82EE-7AB334F1208A}
		{74F5EB3F-DC99-4FBE-9495-EE378FC60F65} = {F64DFAA6-CCD1-481C-82EE-7AB334F1208A}
		{A8DCAD75-879F-4C97-803B-C9A17F227B04} = {F64DFAA6-CCD1-481C-82EE-7AB334F1208A}
		{88A4B9E2-AE05-4817-879C-15461DA29761} = {F64DFAA6-CCD1-481C-82EE-7AB334F1208A}
		{6CF7CA42-3706-4F6B-A2B4-10EF3F511888} = {F64DFAA6-CCD1-481C-82EE-7AB334F1208A}
		{D17FA1CB-06EF-43A6-B11E-2B8E2661AA6D} = {F64DFAA6-CCD1-481C-82EE-7AB334F1208A}
		{1CEE1BB8-10BF-483E-A54A-F97B308ABA0A} = {F64DFAA6-CCD1-481C-82EE-7AB334F1208A}
		{80407AE8-7A1F-4C28-8627-6C871E1D717A} = {F64DFAA6-CCD1-481C-82EE-7AB334F1208A}
		{399E78F8-4954-409E-991A-37DA9D0579CC} = {0BE1BD70-C81B-43E3-BBBF-0A02968129DC}
		{5BA19924-5A65-46E0-97CD-948595932584} = {0BE1BD70-C81B-43E3-BBBF-0A02968129DC}
		{30773718-BC7C-4FCC-A9C2-7EE61DF4EC41} = {0BE1BD70-C81B-43E3-BBBF-0A02968129DC}
		{CEAEC85B-973A-4414-8668-723EB65E5088} = {0BE1BD70-C81B-43E3-BBBF-0A02968129DC}
		{E64725D7-2208-4C28-922D-B6543C0BC483} = {0BE1BD70-C81B-43E3-BBBF-0A02968129DC}
		{63B12D4F-2D39-442F-B73C-C089954FFAD3} = {0BA91CC9-9E7D-4CD2-B970-0C1956891F2D}
		{72D892D3-BEFA-4BFB-B636-93961C2F25A6} = {0BA91CC9-9E7D-4CD2-B970-0C1956891F2D}
		{1E719717-623F-4D9A-9F89-55A125FDB0AB} = {0A2871D6-C2B6-4976-91BD-0820C3AA7286}
		{7BCF84C4-4F83-4A73-9516-90D758375F60} = {2D7A1BF1-08EB-439C-9C7D-1ADB18EDBFE1}
	EndGlobalSection
EndGlobal
