Microsoft Visual Studio Solution File, Format Version 11.00
# Visual Studio 2010
Project("{2150E333-8FDC-42A3-9474-1A3956D46DE8}") = "Solution Items", "Solution Items", "{DD104C35-AE92-4C7B-9DD8-F8AF997BACE2}"
	ProjectSection(SolutionItems) = preProject
		CodeColorizer.FxCop = CodeColorizer.FxCop
		Doc\ColorizerLibrary.shfb = Doc\ColorizerLibrary.shfb
	EndProjectSection
EndProject
Project("{E24C65DC-7377-472B-9ABA-BC803B73C61A}") = "TextColorizerTest", "TextColorizerTest\", "{D7F11A0C-3E65-42D0-8743-82CEA117A003}"
	ProjectSection(WebsiteProperties) = preProject
		TargetFrameworkMoniker = ".NETFramework,Version%3Dv3.5"
		ProjectReferences = "{72331A21-C452-4BE4-BFDB-B8029A6BC1C0}|ColorizerLibrary.dll;"
		Debug.AspNetCompiler.VirtualPath = "/TextColorizerTest"
		Debug.AspNetCompiler.PhysicalPath = "TextColorizerTest\"
		Debug.AspNetCompiler.TargetPath = "PrecompiledWeb\TextColorizerTest\"
		Debug.AspNetCompiler.Updateable = "true"
		Debug.AspNetCompiler.ForceOverwrite = "true"
		Debug.AspNetCompiler.FixedNames = "false"
		Debug.AspNetCompiler.Debug = "True"
		Release.AspNetCompiler.VirtualPath = "/TextColorizerTest"
		Release.AspNetCompiler.PhysicalPath = "TextColorizerTest\"
		Release.AspNetCompiler.TargetPath = "PrecompiledWeb\TextColorizerTest\"
		Release.AspNetCompiler.Updateable = "true"
		Release.AspNetCompiler.ForceOverwrite = "true"
		Release.AspNetCompiler.FixedNames = "false"
		Release.AspNetCompiler.Debug = "False"
		VWDPort = "1789"
	EndProjectSection
EndProject
Project("{FAE04EC0-301F-11D3-BF4B-00C04F79EFBC}") = "ColorizerLibrary", "ColorizerLibrary\ColorizerLibrary.csproj", "{72331A21-C452-4BE4-BFDB-B8029A6BC1C0}"
EndProject
Global
	GlobalSection(SolutionConfigurationPlatforms) = preSolution
		Debug|x86 = Debug|x86
		Release|x86 = Release|x86
	EndGlobalSection
	GlobalSection(ProjectConfigurationPlatforms) = postSolution
		{D7F11A0C-3E65-42D0-8743-82CEA117A003}.Debug|x86.ActiveCfg = Debug|Any CPU
		{D7F11A0C-3E65-42D0-8743-82CEA117A003}.Release|x86.ActiveCfg = Release|.NET
		{72331A21-C452-4BE4-BFDB-B8029A6BC1C0}.Debug|x86.ActiveCfg = Debug|x86
		{72331A21-C452-4BE4-BFDB-B8029A6BC1C0}.Debug|x86.Build.0 = Debug|x86
		{72331A21-C452-4BE4-BFDB-B8029A6BC1C0}.Release|x86.ActiveCfg = Release|x86
		{72331A21-C452-4BE4-BFDB-B8029A6BC1C0}.Release|x86.Build.0 = Release|x86
	EndGlobalSection
	GlobalSection(SolutionProperties) = preSolution
		HideSolutionNode = FALSE
	EndGlobalSection
EndGlobal
